
Microsoft Visual Studio Solution File, Format Version 12.00
Project("{FAE04EC0-301F-11D3-BF4B-00C04F79EFBC}") = "Altin.Web", "Altin.Web\Altin.Web.csproj", "{5CAE9CC2-F3CB-4DEF-888A-60226393B9C9}"
EndProject
Project("{FAE04EC0-301F-11D3-BF4B-00C04F79EFBC}") = "Altin.Application", "Altin.Application\Altin.Application.csproj", "{32792EEE-55AF-488E-B286-AD1EF003DE38}"
EndProject
Project("{FAE04EC0-301F-11D3-BF4B-00C04F79EFBC}") = "Altin.Core", "Altin.Core\Altin.Core.csproj", "{0DC6F745-8E03-4E48-A617-15C41665B5DC}"
EndProject
Project("{FAE04EC0-301F-11D3-BF4B-00C04F79EFBC}") = "Altin.DataAccess", "Altin.DataAccess\Altin.DataAccess.csproj", "{CD6A23F6-955C-44F2-A6A4-E44517BD1366}"
EndProject
Project("{FAE04EC0-301F-11D3-BF4B-00C04F79EFBC}") = "Altin.Shared", "Altin.Shared\Altin.Shared.csproj", "{186FF09E-52C8-4F97-B231-8DE7DB2DB09E}"
EndProject
Global
	GlobalSection(SolutionConfigurationPlatforms) = preSolution
		Debug|Any CPU = Debug|Any CPU
		Release|Any CPU = Release|Any CPU
	EndGlobalSection
	GlobalSection(ProjectConfigurationPlatforms) = postSolution
		{5CAE9CC2-F3CB-4DEF-888A-60226393B9C9}.Debug|Any CPU.ActiveCfg = Debug|Any CPU
		{5CAE9CC2-F3CB-4DEF-888A-60226393B9C9}.Debug|Any CPU.Build.0 = Debug|Any CPU
		{5CAE9CC2-F3CB-4DEF-888A-60226393B9C9}.Release|Any CPU.ActiveCfg = Release|Any CPU
		{5CAE9CC2-F3CB-4DEF-888A-60226393B9C9}.Release|Any CPU.Build.0 = Release|Any CPU
		{32792EEE-55AF-488E-B286-AD1EF003DE38}.Debug|Any CPU.ActiveCfg = Debug|Any CPU
		{32792EEE-55AF-488E-B286-AD1EF003DE38}.Debug|Any CPU.Build.0 = Debug|Any CPU
		{32792EEE-55AF-488E-B286-AD1EF003DE38}.Release|Any CPU.ActiveCfg = Release|Any CPU
		{32792EEE-55AF-488E-B286-AD1EF003DE38}.Release|Any CPU.Build.0 = Release|Any CPU
		{0DC6F745-8E03-4E48-A617-15C41665B5DC}.Debug|Any CPU.ActiveCfg = Debug|Any CPU
		{0DC6F745-8E03-4E48-A617-15C41665B5DC}.Debug|Any CPU.Build.0 = Debug|Any CPU
		{0DC6F745-8E03-4E48-A617-15C41665B5DC}.Release|Any CPU.ActiveCfg = Release|Any CPU
		{0DC6F745-8E03-4E48-A617-15C41665B5DC}.Release|Any CPU.Build.0 = Release|Any CPU
		{CD6A23F6-955C-44F2-A6A4-E44517BD1366}.Debug|Any CPU.ActiveCfg = Debug|Any CPU
		{CD6A23F6-955C-44F2-A6A4-E44517BD1366}.Debug|Any CPU.Build.0 = Debug|Any CPU
		{CD6A23F6-955C-44F2-A6A4-E44517BD1366}.Release|Any CPU.ActiveCfg = Release|Any CPU
		{CD6A23F6-955C-44F2-A6A4-E44517BD1366}.Release|Any CPU.Build.0 = Release|Any CPU
		{186FF09E-52C8-4F97-B231-8DE7DB2DB09E}.Debug|Any CPU.ActiveCfg = Debug|Any CPU
		{186FF09E-52C8-4F97-B231-8DE7DB2DB09E}.Debug|Any CPU.Build.0 = Debug|Any CPU
		{186FF09E-52C8-4F97-B231-8DE7DB2DB09E}.Release|Any CPU.ActiveCfg = Release|Any CPU
		{186FF09E-52C8-4F97-B231-8DE7DB2DB09E}.Release|Any CPU.Build.0 = Release|Any CPU
	EndGlobalSection
EndGlobal
